
Microsoft Visual Studio Solution File, Format Version 12.00
# Visual Studio Version 17
VisualStudioVersion = 17.9.34728.123
MinimumVisualStudioVersion = 10.0.40219.1
Project("{FAE04EC0-301F-11D3-BF4B-00C04F79EFBC}") = "paymentApi", "paymentApi.csproj", "{93D3758C-0C75-4206-85A3-2D2325821560}"
EndProject
Global
	GlobalSection(SolutionConfigurationPlatforms) = preSolution
		Debug|Any CPU = Debug|Any CPU
		Release|Any CPU = Release|Any CPU
	EndGlobalSection
	GlobalSection(ProjectConfigurationPlatforms) = postSolution
		{93D3758C-0C75-4206-85A3-2D2325821560}.Debug|Any CPU.ActiveCfg = Debug|Any CPU
		{93D3758C-0C75-4206-85A3-2D2325821560}.Debug|Any CPU.Build.0 = Debug|Any CPU
		{93D3758C-0C75-4206-85A3-2D2325821560}.Release|Any CPU.ActiveCfg = Release|Any CPU
		{93D3758C-0C75-4206-85A3-2D2325821560}.Release|Any CPU.Build.0 = Release|Any CPU
	EndGlobalSection
	GlobalSection(SolutionProperties) = preSolution
		HideSolutionNode = FALSE
	EndGlobalSection
	GlobalSection(ExtensibilityGlobals) = postSolution
		SolutionGuid = {A23E4D1E-67A3-4918-AEB7-ABF84E5DE097}
	EndGlobalSection
EndGlobal
